<Solution>
  <Project Path="Assembly-CSharp.csproj" />
  <Project Path="NativeShare.Editor.csproj" />
  <Project Path="NativeFilePicker.Runtime.csproj" />
  <Project Path="SimpleFileBrowser.Runtime.csproj" />
  <Project Path="NativeFilePicker.Editor.csproj" />
  <Project Path="NativeShare.Runtime.csproj" />
</Solution>
